// !$*UTF8*$!
{
	archiveVersion = 1;
	classes = {
	};
	objectVersion = 46;
	objects = {

/* Begin PBXBuildFile section */
		D58D4CDC1C7C0BE00087B28F /* main.m in Sources */ = {isa = PBXBuildFile; fileRef = D58D4CDB1C7C0BE00087B28F /* main.m */; };
		D58D4CDF1C7C0BE10087B28F /* AppDelegate.m in Sources */ = {isa = PBXBuildFile; fileRef = D58D4CDE1C7C0BE10087B28F /* AppDelegate.m */; };
		D58D4CE21C7C0BE10087B28F /* ViewController.m in Sources */ = {isa = PBXBuildFile; fileRef = D58D4CE11C7C0BE10087B28F /* ViewController.m */; };
		D58D4CE51C7C0BE10087B28F /* Main.storyboard in Resources */ = {isa = PBXBuildFile; fileRef = D58D4CE31C7C0BE10087B28F /* Main.storyboard */; };
		D58D4CE71C7C0BE10087B28F /* Assets.xcassets in Resources */ = {isa = PBXBuildFile; fileRef = D58D4CE61C7C0BE10087B28F /* Assets.xcassets */; };
		D58D4CEA1C7C0BE10087B28F /* LaunchScreen.storyboard in Resources */ = {isa = PBXBuildFile; fileRef = D58D4CE81C7C0BE10087B28F /* LaunchScreen.storyboard */; };
		D58D4CF51C7C0BE10087B28F /* GGApplePayDemoTests.m in Sources */ = {isa = PBXBuildFile; fileRef = D58D4CF41C7C0BE10087B28F /* GGApplePayDemoTests.m */; };
		D58D4D001C7C0BE10087B28F /* GGApplePayDemoUITests.m in Sources */ = {isa = PBXBuildFile; fileRef = D58D4CFF1C7C0BE10087B28F /* GGApplePayDemoUITests.m */; };
/* End PBXBuildFile section */

/* Begin PBXContainerItemProxy section */
		D58D4CF11C7C0BE10087B28F /* PBXContainerItemProxy */ = {
			isa = PBXContainerItemProxy;
			containerPortal = D58D4CCF1C7C0BE00087B28F /* Project object */;
			proxyType = 1;
			remoteGlobalIDString = D58D4CD61C7C0BE00087B28F;
			remoteInfo = GGApplePayDemo;
		};
		D58D4CFC1C7C0BE10087B28F /* PBXContainerItemProxy */ = {
			isa = PBXContainerItemProxy;
			containerPortal = D58D4CCF1C7C0BE00087B28F /* Project object */;
			proxyType = 1;
			remoteGlobalIDString = D58D4CD61C7C0BE00087B28F;
			remoteInfo = GGApplePayDemo;
		};
/* End PBXContainerItemProxy section */

/* Begin PBXFileReference section */
		D58D4CD71C7C0BE00087B28F /* GGApplePayDemo.app */ = {isa = PBXFileReference; explicitFileType = wrapper.application; includeInIndex = 0; path = GGApplePayDemo.app; sourceTree = BUILT_PRODUCTS_DIR; };
		D58D4CDB1C7C0BE00087B28F /* main.m */ = {isa = PBXFileReference; lastKnownFileType = sourcecode.c.objc; path = main.m; sourceTree = "<group>"; };
		D58D4CDD1C7C0BE10087B28F /* AppDelegate.h */ = {isa = PBXFileReference; lastKnownFileType = sourcecode.c.h; path = AppDelegate.h; sourceTree = "<group>"; };
		D58D4CDE1C7C0BE10087B28F /* AppDelegate.m */ = {isa = PBXFileReference; lastKnownFileType = sourcecode.c.objc; path = AppDelegate.m; sourceTree = "<group>"; };
		D58D4CE01C7C0BE10087B28F /* ViewController.h */ = {isa = PBXFileReference; lastKnownFileType = sourcecode.c.h; path = ViewController.h; sourceTree = "<group>"; };
		D58D4CE11C7C0BE10087B28F /* ViewController.m */ = {isa = PBXFileReference; lastKnownFileType = sourcecode.c.objc; path = ViewController.m; sourceTree = "<group>"; };
		D58D4CE41C7C0BE10087B28F /* Base */ = {isa = PBXFileReference; lastKnownFileType = file.storyboard; name = Base; path = Base.lproj/Main.storyboard; sourceTree = "<group>"; };
		D58D4CE61C7C0BE10087B28F /* Assets.xcassets */ = {isa = PBXFileReference; lastKnownFileType = folder.assetcatalog; path = Assets.xcassets; sourceTree = "<group>"; };
		D58D4CE91C7C0BE10087B28F /* Base */ = {isa = PBXFileReference; lastKnownFileType = file.storyboard; name = Base; path = Base.lproj/LaunchScreen.storyboard; sourceTree = "<group>"; };
		D58D4CEB1C7C0BE10087B28F /* Info.plist */ = {isa = PBXFileReference; lastKnownFileType = text.plist.xml; path = Info.plist; sourceTree = "<group>"; };
		D58D4CF01C7C0BE10087B28F /* GGApplePayDemoTests.xctest */ = {isa = PBXFileReference; explicitFileType = wrapper.cfbundle; includeInIndex = 0; path = GGApplePayDemoTests.xctest; sourceTree = BUILT_PRODUCTS_DIR; };
		D58D4CF41C7C0BE10087B28F /* GGApplePayDemoTests.m */ = {isa = PBXFileReference; lastKnownFileType = sourcecode.c.objc; path = GGApplePayDemoTests.m; sourceTree = "<group>"; };
		D58D4CF61C7C0BE10087B28F /* Info.plist */ = {isa = PBXFileReference; lastKnownFileType = text.plist.xml; path = Info.plist; sourceTree = "<group>"; };
		D58D4CFB1C7C0BE10087B28F /* GGApplePayDemoUITests.xctest */ = {isa = PBXFileReference; explicitFileType = wrapper.cfbundle; includeInIndex = 0; path = GGApplePayDemoUITests.xctest; sourceTree = BUILT_PRODUCTS_DIR; };
		D58D4CFF1C7C0BE10087B28F /* GGApplePayDemoUITests.m */ = {isa = PBXFileReference; lastKnownFileType = sourcecode.c.objc; path = GGApplePayDemoUITests.m; sourceTree = "<group>"; };
		D58D4D011C7C0BE10087B28F /* Info.plist */ = {isa = PBXFileReference; lastKnownFileType = text.plist.xml; path = Info.plist; sourceTree = "<group>"; };
		D58D4D0D1C7C75BB0087B28F /* GGApplePayDemo.entitlements */ = {isa = PBXFileReference; lastKnownFileType = text.xml; path = GGApplePayDemo.entitlements; sourceTree = "<group>"; };
/* End PBXFileReference section */

/* Begin PBXFrameworksBuildPhase section */
		D58D4CD41C7C0BE00087B28F /* Frameworks */ = {
			isa = PBXFrameworksBuildPhase;
			buildActionMask = 2147483647;
			files = (
			);
			runOnlyForDeploymentPostprocessing = 0;
		};
		D58D4CED1C7C0BE10087B28F /* Frameworks */ = {
			isa = PBXFrameworksBuildPhase;
			buildActionMask = 2147483647;
			files = (
			);
			runOnlyForDeploymentPostprocessing = 0;
		};
		D58D4CF81C7C0BE10087B28F /* Frameworks */ = {
			isa = PBXFrameworksBuildPhase;
			buildActionMask = 2147483647;
			files = (
			);
			runOnlyForDeploymentPostprocessing = 0;
		};
/* End PBXFrameworksBuildPhase section */

/* Begin PBXGroup section */
		D58D4CCE1C7C0BE00087B28F = {
			isa = PBXGroup;
			children = (
				D58D4CD91C7C0BE00087B28F /* GGApplePayDemo */,
				D58D4CF31C7C0BE10087B28F /* GGApplePayDemoTests */,
				D58D4CFE1C7C0BE10087B28F /* GGApplePayDemoUITests */,
				D58D4CD81C7C0BE00087B28F /* Products */,
			);
			sourceTree = "<group>";
		};
		D58D4CD81C7C0BE00087B28F /* Products */ = {
			isa = PBXGroup;
			children = (
				D58D4CD71C7C0BE00087B28F /* GGApplePayDemo.app */,
				D58D4CF01C7C0BE10087B28F /* GGApplePayDemoTests.xctest */,
				D58D4CFB1C7C0BE10087B28F /* GGApplePayDemoUITests.xctest */,
			);
			name = Products;
			sourceTree = "<group>";
		};
		D58D4CD91C7C0BE00087B28F /* GGApplePayDemo */ = {
			isa = PBXGroup;
			children = (
				D58D4D0D1C7C75BB0087B28F /* GGApplePayDemo.entitlements */,
				D58D4CDD1C7C0BE10087B28F /* AppDelegate.h */,
				D58D4CDE1C7C0BE10087B28F /* AppDelegate.m */,
				D58D4CE01C7C0BE10087B28F /* ViewController.h */,
				D58D4CE11C7C0BE10087B28F /* ViewController.m */,
				D58D4CE31C7C0BE10087B28F /* Main.storyboard */,
				D58D4CE61C7C0BE10087B28F /* Assets.xcassets */,
				D58D4CE81C7C0BE10087B28F /* LaunchScreen.storyboard */,
				D58D4CEB1C7C0BE10087B28F /* Info.plist */,
				D58D4CDA1C7C0BE00087B28F /* Supporting Files */,
			);
			path = GGApplePayDemo;
			sourceTree = "<group>";
		};
		D58D4CDA1C7C0BE00087B28F /* Supporting Files */ = {
			isa = PBXGroup;
			children = (
				D58D4CDB1C7C0BE00087B28F /* main.m */,
			);
			name = "Supporting Files";
			sourceTree = "<group>";
		};
		D58D4CF31C7C0BE10087B28F /* GGApplePayDemoTests */ = {
			isa = PBXGroup;
			children = (
				D58D4CF41C7C0BE10087B28F /* GGApplePayDemoTests.m */,
				D58D4CF61C7C0BE10087B28F /* Info.plist */,
			);
			path = GGApplePayDemoTests;
			sourceTree = "<group>";
		};
		D58D4CFE1C7C0BE10087B28F /* GGApplePayDemoUITests */ = {
			isa = PBXGroup;
			children = (
				D58D4CFF1C7C0BE10087B28F /* GGApplePayDemoUITests.m */,
				D58D4D011C7C0BE10087B28F /* Info.plist */,
			);
			path = GGApplePayDemoUITests;
			sourceTree = "<group>";
		};
/* End PBXGroup section */

/* Begin PBXNativeTarget section */
		D58D4CD61C7C0BE00087B28F /* GGApplePayDemo */ = {
			isa = PBXNativeTarget;
			buildConfigurationList = D58D4D041C7C0BE10087B28F /* Build configuration list for PBXNativeTarget "GGApplePayDemo" */;
			buildPhases = (
				D58D4CD31C7C0BE00087B28F /* Sources */,
				D58D4CD41C7C0BE00087B28F /* Frameworks */,
				D58D4CD51C7C0BE00087B28F /* Resources */,
			);
			buildRules = (
			);
			dependencies = (
			);
			name = GGApplePayDemo;
			productName = GGApplePayDemo;
			productReference = D58D4CD71C7C0BE00087B28F /* GGApplePayDemo.app */;
			productType = "com.apple.product-type.application";
		};
		D58D4CEF1C7C0BE10087B28F /* GGApplePayDemoTests */ = {
			isa = PBXNativeTarget;
			buildConfigurationList = D58D4D071C7C0BE10087B28F /* Build configuration list for PBXNativeTarget "GGApplePayDemoTests" */;
			buildPhases = (
				D58D4CEC1C7C0BE10087B28F /* Sources */,
				D58D4CED1C7C0BE10087B28F /* Frameworks */,
				D58D4CEE1C7C0BE10087B28F /* Resources */,
			);
			buildRules = (
			);
			dependencies = (
				D58D4CF21C7C0BE10087B28F /* PBXTargetDependency */,
			);
			name = GGApplePayDemoTests;
			productName = GGApplePayDemoTests;
			productReference = D58D4CF01C7C0BE10087B28F /* GGApplePayDemoTests.xctest */;
			productType = "com.apple.product-type.bundle.unit-test";
		};
		D58D4CFA1C7C0BE10087B28F /* GGApplePayDemoUITests */ = {
			isa = PBXNativeTarget;
			buildConfigurationList = D58D4D0A1C7C0BE10087B28F /* Build configuration list for PBXNativeTarget "GGApplePayDemoUITests" */;
			buildPhases = (
				D58D4CF71C7C0BE10087B28F /* Sources */,
				D58D4CF81C7C0BE10087B28F /* Frameworks */,
				D58D4CF91C7C0BE10087B28F /* Resources */,
			);
			buildRules = (
			);
			dependencies = (
				D58D4CFD1C7C0BE10087B28F /* PBXTargetDependency */,
			);
			name = GGApplePayDemoUITests;
			productName = GGApplePayDemoUITests;
			productReference = D58D4CFB1C7C0BE10087B28F /* GGApplePayDemoUITests.xctest */;
			productType = "com.apple.product-type.bundle.ui-testing";
		};
/* End PBXNativeTarget section */

/* Begin PBXProject section */
		D58D4CCF1C7C0BE00087B28F /* Project object */ = {
			isa = PBXProject;
			attributes = {
				LastUpgradeCheck = 0720;
				ORGANIZATIONNAME = LGQ;
				TargetAttributes = {
					D58D4CD61C7C0BE00087B28F = {
						CreatedOnToolsVersion = 7.2.1;
						DevelopmentTeam = 46C98FZ4V8;
						SystemCapabilities = {
							com.apple.OMC = {
								enabled = 1;
							};
						};
					};
					D58D4CEF1C7C0BE10087B28F = {
						CreatedOnToolsVersion = 7.2.1;
						TestTargetID = D58D4CD61C7C0BE00087B28F;
					};
					D58D4CFA1C7C0BE10087B28F = {
						CreatedOnToolsVersion = 7.2.1;
						TestTargetID = D58D4CD61C7C0BE00087B28F;
					};
				};
			};
			buildConfigurationList = D58D4CD21C7C0BE00087B28F /* Build configuration list for PBXProject "GGApplePayDemo" */;
			compatibilityVersion = "Xcode 3.2";
			developmentRegion = English;
			hasScannedForEncodings = 0;
			knownRegions = (
				en,
				Base,
			);
			mainGroup = D58D4CCE1C7C0BE00087B28F;
			productRefGroup = D58D4CD81C7C0BE00087B28F /* Products */;
			projectDirPath = "";
			projectRoot = "";
			targets = (
				D58D4CD61C7C0BE00087B28F /* GGApplePayDemo */,
				D58D4CEF1C7C0BE10087B28F /* GGApplePayDemoTests */,
				D58D4CFA1C7C0BE10087B28F /* GGApplePayDemoUITests */,
			);
		};
/* End PBXProject section */

/* Begin PBXResourcesBuildPhase section */
		D58D4CD51C7C0BE00087B28F /* Resources */ = {
			isa = PBXResourcesBuildPhase;
			buildActionMask = 2147483647;
			files = (
				D58D4CEA1C7C0BE10087B28F /* LaunchScreen.storyboard in Resources */,
				D58D4CE71C7C0BE10087B28F /* Assets.xcassets in Resources */,
				D58D4CE51C7C0BE10087B28F /* Main.storyboard in Resources */,
			);
			runOnlyForDeploymentPostprocessing = 0;
		};
		D58D4CEE1C7C0BE10087B28F /* Resources */ = {
			isa = PBXResourcesBuildPhase;
			buildActionMask = 2147483647;
			files = (
			);
			runOnlyForDeploymentPostprocessing = 0;
		};
		D58D4CF91C7C0BE10087B28F /* Resources */ = {
			isa = PBXResourcesBuildPhase;
			buildActionMask = 2147483647;
			files = (
			);
			runOnlyForDeploymentPostprocessing = 0;
		};
/* End PBXResourcesBuildPhase section */

/* Begin PBXSourcesBuildPhase section */
		D58D4CD31C7C0BE00087B28F /* Sources */ = {
			isa = PBXSourcesBuildPhase;
			buildActionMask = 2147483647;
			files = (
				D58D4CE21C7C0BE10087B28F /* ViewController.m in Sources */,
				D58D4CDF1C7C0BE10087B28F /* AppDelegate.m in Sources */,
				D58D4CDC1C7C0BE00087B28F /* main.m in Sources */,
			);
			runOnlyForDeploymentPostprocessing = 0;
		};
		D58D4CEC1C7C0BE10087B28F /* Sources */ = {
			isa = PBXSourcesBuildPhase;
			buildActionMask = 2147483647;
			files = (
				D58D4CF51C7C0BE10087B28F /* GGApplePayDemoTests.m in Sources */,
			);
			runOnlyForDeploymentPostprocessing = 0;
		};
		D58D4CF71C7C0BE10087B28F /* Sources */ = {
			isa = PBXSourcesBuildPhase;
			buildActionMask = 2147483647;
			files = (
				D58D4D001C7C0BE10087B28F /* GGApplePayDemoUITests.m in Sources */,
			);
			runOnlyForDeploymentPostprocessing = 0;
		};
/* End PBXSourcesBuildPhase section */

/* Begin PBXTargetDependency section */
		D58D4CF21C7C0BE10087B28F /* PBXTargetDependency */ = {
			isa = PBXTargetDependency;
			target = D58D4CD61C7C0BE00087B28F /* GGApplePayDemo */;
			targetProxy = D58D4CF11C7C0BE10087B28F /* PBXContainerItemProxy */;
		};
		D58D4CFD1C7C0BE10087B28F /* PBXTargetDependency */ = {
			isa = PBXTargetDependency;
			target = D58D4CD61C7C0BE00087B28F /* GGApplePayDemo */;
			targetProxy = D58D4CFC1C7C0BE10087B28F /* PBXContainerItemProxy */;
		};
/* End PBXTargetDependency section */

/* Begin PBXVariantGroup section */
		D58D4CE31C7C0BE10087B28F /* Main.storyboard */ = {
			isa = PBXVariantGroup;
			children = (
				D58D4CE41C7C0BE10087B28F /* Base */,
			);
			name = Main.storyboard;
			sourceTree = "<group>";
		};
		D58D4CE81C7C0BE10087B28F /* LaunchScreen.storyboard */ = {
			isa = PBXVariantGroup;
			children = (
				D58D4CE91C7C0BE10087B28F /* Base */,
			);
			name = LaunchScreen.storyboard;
			sourceTree = "<group>";
		};
/* End PBXVariantGroup section */

/* Begin XCBuildConfiguration section */
		D58D4D021C7C0BE10087B28F /* Debug */ = {
			isa = XCBuildConfiguration;
			buildSettings = {
				ALWAYS_SEARCH_USER_PATHS = NO;
				CLANG_CXX_LANGUAGE_STANDARD = "gnu++0x";
				CLANG_CXX_LIBRARY = "libc++";
				CLANG_ENABLE_MODULES = YES;
				CLANG_ENABLE_OBJC_ARC = YES;
				CLANG_WARN_BOOL_CONVERSION = YES;
				CLANG_WARN_CONSTANT_CONVERSION = YES;
				CLANG_WARN_DIRECT_OBJC_ISA_USAGE = YES_ERROR;
				CLANG_WARN_EMPTY_BODY = YES;
				CLANG_WARN_ENUM_CONVERSION = YES;
				CLANG_WARN_INT_CONVERSION = YES;
				CLANG_WARN_OBJC_ROOT_CLASS = YES_ERROR;
				CLANG_WARN_UNREACHABLE_CODE = YES;
				CLANG_WARN__DUPLICATE_METHOD_MATCH = YES;
				"CODE_SIGN_IDENTITY[sdk=iphoneos*]" = "iPhone Developer";
				COPY_PHASE_STRIP = NO;
				DEBUG_INFORMATION_FORMAT = dwarf;
				ENABLE_STRICT_OBJC_MSGSEND = YES;
				ENABLE_TESTABILITY = YES;
				GCC_C_LANGUAGE_STANDARD = gnu99;
				GCC_DYNAMIC_NO_PIC = NO;
				GCC_NO_COMMON_BLOCKS = YES;
				GCC_OPTIMIZATION_LEVEL = 0;
				GCC_PREPROCESSOR_DEFINITIONS = (
					"DEBUG=1",
					"$(inherited)",
				);
				GCC_WARN_64_TO_32_BIT_CONVERSION = YES;
				GCC_WARN_ABOUT_RETURN_TYPE = YES_ERROR;
				GCC_WARN_UNDECLARED_SELECTOR = YES;
				GCC_WARN_UNINITIALIZED_AUTOS = YES_AGGRESSIVE;
				GCC_WARN_UNUSED_FUNCTION = YES;
				GCC_WARN_UNUSED_VARIABLE = YES;
				IPHONEOS_DEPLOYMENT_TARGET = 9.2;
				MTL_ENABLE_DEBUG_INFO = YES;
				ONLY_ACTIVE_ARCH = YES;
				SDKROOT = iphoneos;
				TARGETED_DEVICE_FAMILY = "1,2";
			};
			name = Debug;
		};
		D58D4D031C7C0BE10087B28F /* Release */ = {
			isa = XCBuildConfiguration;
			buildSettings = {
				ALWAYS_SEARCH_USER_PATHS = NO;
				CLANG_CXX_LANGUAGE_STANDARD = "gnu++0x";
				CLANG_CXX_LIBRARY = "libc++";
				CLANG_ENABLE_MODULES = YES;
				CLANG_ENABLE_OBJC_ARC = YES;
				CLANG_WARN_BOOL_CONVERSION = YES;
				CLANG_WARN_CONSTANT_CONVERSION = YES;
				CLANG_WARN_DIRECT_OBJC_ISA_USAGE = YES_ERROR;
				CLANG_WARN_EMPTY_BODY = YES;
				CLANG_WARN_ENUM_CONVERSION = YES;
				CLANG_WARN_INT_CONVERSION = YES;
				CLANG_WARN_OBJC_ROOT_CLASS = YES_ERROR;
				CLANG_WARN_UNREACHABLE_CODE = YES;
				CLANG_WARN__DUPLICATE_METHOD_MATCH = YES;
				"CODE_SIGN_IDENTITY[sdk=iphoneos*]" = "iPhone Developer";
				COPY_PHASE_STRIP = NO;
				DEBUG_INFORMATION_FORMAT = "dwarf-with-dsym";
				ENABLE_NS_ASSERTIONS = NO;
				ENABLE_STRICT_OBJC_MSGSEND = YES;
				GCC_C_LANGUAGE_STANDARD = gnu99;
				GCC_NO_COMMON_BLOCKS = YES;
				GCC_WARN_64_TO_32_BIT_CONVERSION = YES;
				GCC_WARN_ABOUT_RETURN_TYPE = YES_ERROR;
				GCC_WARN_UNDECLARED_SELECTOR = YES;
				GCC_WARN_UNINITIALIZED_AUTOS = YES_AGGRESSIVE;
				GCC_WARN_UNUSED_FUNCTION = YES;
				GCC_WARN_UNUSED_VARIABLE = YES;
				IPHONEOS_DEPLOYMENT_TARGET = 9.2;
				MTL_ENABLE_DEBUG_INFO = NO;
				SDKROOT = iphoneos;
				TARGETED_DEVICE_FAMILY = "1,2";
				VALIDATE_PRODUCT = YES;
			};
			name = Release;
		};
		D58D4D051C7C0BE10087B28F /* Debug */ = {
			isa = XCBuildConfiguration;
			buildSettings = {
				ASSETCATALOG_COMPILER_APPICON_NAME = AppIcon;
				CODE_SIGN_ENTITLEMENTS = GGApplePayDemo/GGApplePayDemo.entitlements;
				CODE_SIGN_IDENTITY = "iPhone Developer";
				"CODE_SIGN_IDENTITY[sdk=iphoneos*]" = "iPhone Developer";
				INFOPLIST_FILE = GGApplePayDemo/Info.plist;
				LD_RUNPATH_SEARCH_PATHS = "$(inherited) @executable_path/Frameworks";
				PRODUCT_BUNDLE_IDENTIFIER = com.lchr.GGApplePayDemo;
				PRODUCT_NAME = "$(TARGET_NAME)";
				PROVISIONING_PROFILE = "";
			};
			name = Debug;
		};
		D58D4D061C7C0BE10087B28F /* Release */ = {
			isa = XCBuildConfiguration;
			buildSettings = {
				ASSETCATALOG_COMPILER_APPICON_NAME = AppIcon;
				CODE_SIGN_ENTITLEMENTS = GGApplePayDemo/GGApplePayDemo.entitlements;
				CODE_SIGN_IDENTITY = "iPhone Developer";
				"CODE_SIGN_IDENTITY[sdk=iphoneos*]" = "iPhone Developer";
				INFOPLIST_FILE = GGApplePayDemo/Info.plist;
				LD_RUNPATH_SEARCH_PATHS = "$(inherited) @executable_path/Frameworks";
				PRODUCT_BUNDLE_IDENTIFIER = com.lchr.GGApplePayDemo;
				PRODUCT_NAME = "$(TARGET_NAME)";
				PROVISIONING_PROFILE = "";
			};
			name = Release;
		};
		D58D4D081C7C0BE10087B28F /* Debug */ = {
			isa = XCBuildConfiguration;
			buildSettings = {
				BUNDLE_LOADER = "$(TEST_HOST)";
				INFOPLIST_FILE = GGApplePayDemoTests/Info.plist;
				LD_RUNPATH_SEARCH_PATHS = "$(inherited) @executable_path/Frameworks @loader_path/Frameworks";
				PRODUCT_BUNDLE_IDENTIFIER = com.lchr.GGApplePayDemoTests;
				PRODUCT_NAME = "$(TARGET_NAME)";
				TEST_HOST = "$(BUILT_PRODUCTS_DIR)/GGApplePayDemo.app/GGApplePayDemo";
			};
			name = Debug;
		};
		D58D4D091C7C0BE10087B28F /* Release */ = {
			isa = XCBuildConfiguration;
			buildSettings = {
				BUNDLE_LOADER = "$(TEST_HOST)";
				INFOPLIST_FILE = GGApplePayDemoTests/Info.plist;
				LD_RUNPATH_SEARCH_PATHS = "$(inherited) @executable_path/Frameworks @loader_path/Frameworks";
				PRODUCT_BUNDLE_IDENTIFIER = com.lchr.GGApplePayDemoTests;
				PRODUCT_NAME = "$(TARGET_NAME)";
				TEST_HOST = "$(BUILT_PRODUCTS_DIR)/GGApplePayDemo.app/GGApplePayDemo";
			};
			name = Release;
		};
		D58D4D0B1C7C0BE10087B28F /* Debug */ = {
			isa = XCBuildConfiguration;
			buildSettings = {
				INFOPLIST_FILE = GGApplePayDemoUITests/Info.plist;
				LD_RUNPATH_SEARCH_PATHS = "$(inherited) @executable_path/Frameworks @loader_path/Frameworks";
				PRODUCT_BUNDLE_IDENTIFIER = com.lchr.GGApplePayDemoUITests;
				PRODUCT_NAME = "$(TARGET_NAME)";
				TEST_TARGET_NAME = GGApplePayDemo;
				USES_XCTRUNNER = YES;
			};
			name = Debug;
		};
		D58D4D0C1C7C0BE10087B28F /* Release */ = {
			isa = XCBuildConfiguration;
			buildSettings = {
				INFOPLIST_FILE = GGApplePayDemoUITests/Info.plist;
				LD_RUNPATH_SEARCH_PATHS = "$(inherited) @executable_path/Frameworks @loader_path/Frameworks";
				PRODUCT_BUNDLE_IDENTIFIER = com.lchr.GGApplePayDemoUITests;
				PRODUCT_NAME = "$(TARGET_NAME)";
				TEST_TARGET_NAME = GGApplePayDemo;
				USES_XCTRUNNER = YES;
			};
			name = Release;
		};
/* End XCBuildConfiguration section */

/* Begin XCConfigurationList section */
		D58D4CD21C7C0BE00087B28F /* Build configuration list for PBXProject "GGApplePayDemo" */ = {
			isa = XCConfigurationList;
			buildConfigurations = (
				D58D4D021C7C0BE10087B28F /* Debug */,
				D58D4D031C7C0BE10087B28F /* Release */,
			);
			defaultConfigurationIsVisible = 0;
			defaultConfigurationName = Release;
		};
		D58D4D041C7C0BE10087B28F /* Build configuration list for PBXNativeTarget "GGApplePayDemo" */ = {
			isa = XCConfigurationList;
			buildConfigurations = (
				D58D4D051C7C0BE10087B28F /* Debug */,
				D58D4D061C7C0BE10087B28F /* Release */,
			);
			defaultConfigurationIsVisible = 0;
			defaultConfigurationName = Release;
		};
		D58D4D071C7C0BE10087B28F /* Build configuration list for PBXNativeTarget "GGApplePayDemoTests" */ = {
			isa = XCConfigurationList;
			buildConfigurations = (
				D58D4D081C7C0BE10087B28F /* Debug */,
				D58D4D091C7C0BE10087B28F /* Release */,
			);
			defaultConfigurationIsVisible = 0;
			defaultConfigurationName = Release;
		};
		D58D4D0A1C7C0BE10087B28F /* Build configuration list for PBXNativeTarget "GGApplePayDemoUITests" */ = {
			isa = XCConfigurationList;
			buildConfigurations = (
				D58D4D0B1C7C0BE10087B28F /* Debug */,
				D58D4D0C1C7C0BE10087B28F /* Release */,
			);
			defaultConfigurationIsVisible = 0;
			defaultConfigurationName = Release;
		};
/* End XCConfigurationList section */
	};
	rootObject = D58D4CCF1C7C0BE00087B28F /* Project object */;
}
